
Microsoft Visual Studio Solution File, Format Version 12.00
# Visual Studio Version 16
VisualStudioVersion = 16.0.30104.148
MinimumVisualStudioVersion = 10.0.40219.1
Project("{FAE04EC0-301F-11D3-BF4B-00C04F79EFBC}") = "CourseScore", "CourseScore.csproj", "{8A7EBCE8-1745-43FA-A4AD-C0B67139A82F}"
EndProject
Global
	GlobalSection(SolutionConfigurationPlatforms) = preSolution
		Debug|Any CPU = Debug|Any CPU
		Release|Any CPU = Release|Any CPU
	EndGlobalSection
	GlobalSection(ProjectConfigurationPlatforms) = postSolution
		{8A7EBCE8-1745-43FA-A4AD-C0B67139A82F}.Debug|Any CPU.ActiveCfg = Debug|Any CPU
		{8A7EBCE8-1745-43FA-A4AD-C0B67139A82F}.Debug|Any CPU.Build.0 = Debug|Any CPU
		{8A7EBCE8-1745-43FA-A4AD-C0B67139A82F}.Release|Any CPU.ActiveCfg = Release|Any CPU
		{8A7EBCE8-1745-43FA-A4AD-C0B67139A82F}.Release|Any CPU.Build.0 = Release|Any CPU
	EndGlobalSection
	GlobalSection(SolutionProperties) = preSolution
		HideSolutionNode = FALSE
	EndGlobalSection
	GlobalSection(ExtensibilityGlobals) = postSolution
		SolutionGuid = {AAF59135-D099-4803-9C03-D1D106AE1572}
	EndGlobalSection
EndGlobal
